
Microsoft Visual Studio Solution File, Format Version 12.00
# Visual Studio Version 17
VisualStudioVersion = 17.13.35931.197 d17.13
MinimumVisualStudioVersion = 10.0.40219.1
Project("{FAE04EC0-301F-11D3-BF4B-00C04F79EFBC}") = "Scrapping.Api", "Scrapping.Api.csproj", "{F15F631A-7ED8-42A5-B1EC-C231209645B3}"
EndProject
Global
	GlobalSection(SolutionConfigurationPlatforms) = preSolution
		Debug|Any CPU = Debug|Any CPU
		Release|Any CPU = Release|Any CPU
	EndGlobalSection
	GlobalSection(ProjectConfigurationPlatforms) = postSolution
		{F15F631A-7ED8-42A5-B1EC-C231209645B3}.Debug|Any CPU.ActiveCfg = Debug|Any CPU
		{F15F631A-7ED8-42A5-B1EC-C231209645B3}.Debug|Any CPU.Build.0 = Debug|Any CPU
		{F15F631A-7ED8-42A5-B1EC-C231209645B3}.Release|Any CPU.ActiveCfg = Release|Any CPU
		{F15F631A-7ED8-42A5-B1EC-C231209645B3}.Release|Any CPU.Build.0 = Release|Any CPU
	EndGlobalSection
	GlobalSection(SolutionProperties) = preSolution
		HideSolutionNode = FALSE
	EndGlobalSection
	GlobalSection(ExtensibilityGlobals) = postSolution
		SolutionGuid = {A79700AB-B7E0-477A-84E9-7D7D613072F9}
	EndGlobalSection
EndGlobal
